
Microsoft Visual Studio Solution File, Format Version 12.00
# Visual Studio 15
Project("{FAE04EC0-301F-11D3-BF4B-00C04F79EFBC}") = "Assembly-CSharp", "Assembly-CSharp.csproj", "{835519FD-25F8-9CA0-B74D-1F26EAB00437}"
EndProject
Global
	GlobalSection(SolutionConfigurationPlatforms) = preSolution
		Debug|Any CPU = Debug|Any CPU
		Release|Any CPU = Release|Any CPU
	EndGlobalSection
	GlobalSection(ProjectConfigurationPlatforms) = postSolution
		{835519FD-25F8-9CA0-B74D-1F26EAB00437}.Debug|Any CPU.ActiveCfg = Debug|Any CPU
		{835519FD-25F8-9CA0-B74D-1F26EAB00437}.Debug|Any CPU.Build.0 = Debug|Any CPU
		{835519FD-25F8-9CA0-B74D-1F26EAB00437}.Release|Any CPU.ActiveCfg = Release|Any CPU
		{835519FD-25F8-9CA0-B74D-1F26EAB00437}.Release|Any CPU.Build.0 = Release|Any CPU
	EndGlobalSection
	GlobalSection(SolutionProperties) = preSolution
		HideSolutionNode = FALSE
	EndGlobalSection
EndGlobal
